
Microsoft Visual Studio Solution File, Format Version 12.00
# Visual Studio 15
VisualStudioVersion = 15.0.27130.2027
MinimumVisualStudioVersion = 10.0.40219.1
Project("{8BC9CEB8-8B4A-11D0-8D11-00A0C91BC942}") = "Server", "Server\Server.vcxproj", "{EC202A14-8F9A-4AB7-9C91-7A73B78E0D8B}"
EndProject
Project("{8BC9CEB8-8B4A-11D0-8D11-00A0C91BC942}") = "Client", "Client\Client.vcxproj", "{C0637722-C2A5-48BD-8EE2-500579633DA6}"
EndProject
Project("{8BC9CEB8-8B4A-11D0-8D11-00A0C91BC942}") = "Server_Linux", "Server_Linux\Server_Linux.vcxproj", "{0DF2B1A3-6FEF-4940-B77D-8E958A04E0EA}"
EndProject
Project("{8BC9CEB8-8B4A-11D0-8D11-00A0C91BC942}") = "test", "test\test.vcxproj", "{EA195CB2-65A7-4E31-86ED-917BF90C0685}"
EndProject
Global
	GlobalSection(SolutionConfigurationPlatforms) = preSolution
		Debug|ARM = Debug|ARM
		Debug|x64 = Debug|x64
		Debug|x86 = Debug|x86
		Release|ARM = Release|ARM
		Release|x64 = Release|x64
		Release|x86 = Release|x86
	EndGlobalSection
	GlobalSection(ProjectConfigurationPlatforms) = postSolution
		{EC202A14-8F9A-4AB7-9C91-7A73B78E0D8B}.Debug|ARM.ActiveCfg = Debug|Win32
		{EC202A14-8F9A-4AB7-9C91-7A73B78E0D8B}.Debug|x64.ActiveCfg = Debug|x64
		{EC202A14-8F9A-4AB7-9C91-7A73B78E0D8B}.Debug|x64.Build.0 = Debug|x64
		{EC202A14-8F9A-4AB7-9C91-7A73B78E0D8B}.Debug|x86.ActiveCfg = Debug|Win32
		{EC202A14-8F9A-4AB7-9C91-7A73B78E0D8B}.Debug|x86.Build.0 = Debug|Win32
		{EC202A14-8F9A-4AB7-9C91-7A73B78E0D8B}.Release|ARM.ActiveCfg = Release|Win32
		{EC202A14-8F9A-4AB7-9C91-7A73B78E0D8B}.Release|x64.ActiveCfg = Release|x64
		{EC202A14-8F9A-4AB7-9C91-7A73B78E0D8B}.Release|x64.Build.0 = Release|x64
		{EC202A14-8F9A-4AB7-9C91-7A73B78E0D8B}.Release|x86.ActiveCfg = Release|Win32
		{EC202A14-8F9A-4AB7-9C91-7A73B78E0D8B}.Release|x86.Build.0 = Release|Win32
		{C0637722-C2A5-48BD-8EE2-500579633DA6}.Debug|ARM.ActiveCfg = Debug|Win32
		{C0637722-C2A5-48BD-8EE2-500579633DA6}.Debug|x64.ActiveCfg = Debug|x64
		{C0637722-C2A5-48BD-8EE2-500579633DA6}.Debug|x64.Build.0 = Debug|x64
		{C0637722-C2A5-48BD-8EE2-500579633DA6}.Debug|x86.ActiveCfg = Debug|Win32
		{C0637722-C2A5-48BD-8EE2-500579633DA6}.Debug|x86.Build.0 = Debug|Win32
		{C0637722-C2A5-48BD-8EE2-500579633DA6}.Release|ARM.ActiveCfg = Release|Win32
		{C0637722-C2A5-48BD-8EE2-500579633DA6}.Release|x64.ActiveCfg = Release|x64
		{C0637722-C2A5-48BD-8EE2-500579633DA6}.Release|x64.Build.0 = Release|x64
		{C0637722-C2A5-48BD-8EE2-500579633DA6}.Release|x86.ActiveCfg = Release|Win32
		{C0637722-C2A5-48BD-8EE2-500579633DA6}.Release|x86.Build.0 = Release|Win32
		{0DF2B1A3-6FEF-4940-B77D-8E958A04E0EA}.Debug|ARM.ActiveCfg = Debug|ARM
		{0DF2B1A3-6FEF-4940-B77D-8E958A04E0EA}.Debug|ARM.Build.0 = Debug|ARM
		{0DF2B1A3-6FEF-4940-B77D-8E958A04E0EA}.Debug|x64.ActiveCfg = Debug|x64
		{0DF2B1A3-6FEF-4940-B77D-8E958A04E0EA}.Debug|x64.Build.0 = Debug|x64
		{0DF2B1A3-6FEF-4940-B77D-8E958A04E0EA}.Debug|x86.ActiveCfg = Debug|x86
		{0DF2B1A3-6FEF-4940-B77D-8E958A04E0EA}.Debug|x86.Build.0 = Debug|x86
		{0DF2B1A3-6FEF-4940-B77D-8E958A04E0EA}.Release|ARM.ActiveCfg = Release|ARM
		{0DF2B1A3-6FEF-4940-B77D-8E958A04E0EA}.Release|ARM.Build.0 = Release|ARM
		{0DF2B1A3-6FEF-4940-B77D-8E958A04E0EA}.Release|x64.ActiveCfg = Release|x64
		{0DF2B1A3-6FEF-4940-B77D-8E958A04E0EA}.Release|x64.Build.0 = Release|x64
		{0DF2B1A3-6FEF-4940-B77D-8E958A04E0EA}.Release|x86.ActiveCfg = Release|x86
		{0DF2B1A3-6FEF-4940-B77D-8E958A04E0EA}.Release|x86.Build.0 = Release|x86
		{EA195CB2-65A7-4E31-86ED-917BF90C0685}.Debug|ARM.ActiveCfg = Debug|Win32
		{EA195CB2-65A7-4E31-86ED-917BF90C0685}.Debug|x64.ActiveCfg = Debug|x64
		{EA195CB2-65A7-4E31-86ED-917BF90C0685}.Debug|x64.Build.0 = Debug|x64
		{EA195CB2-65A7-4E31-86ED-917BF90C0685}.Debug|x86.ActiveCfg = Debug|Win32
		{EA195CB2-65A7-4E31-86ED-917BF90C0685}.Debug|x86.Build.0 = Debug|Win32
		{EA195CB2-65A7-4E31-86ED-917BF90C0685}.Release|ARM.ActiveCfg = Release|Win32
		{EA195CB2-65A7-4E31-86ED-917BF90C0685}.Release|x64.ActiveCfg = Release|x64
		{EA195CB2-65A7-4E31-86ED-917BF90C0685}.Release|x64.Build.0 = Release|x64
		{EA195CB2-65A7-4E31-86ED-917BF90C0685}.Release|x86.ActiveCfg = Release|Win32
		{EA195CB2-65A7-4E31-86ED-917BF90C0685}.Release|x86.Build.0 = Release|Win32
	EndGlobalSection
	GlobalSection(SolutionProperties) = preSolution
		HideSolutionNode = FALSE
	EndGlobalSection
	GlobalSection(ExtensibilityGlobals) = postSolution
		SolutionGuid = {FC76A2CD-DB86-4D0F-B7DC-629ADD74C572}
	EndGlobalSection
EndGlobal
